
Microsoft Visual Studio Solution File, Format Version 12.00
# Visual Studio 15
VisualStudioVersion = 15.0.27004.2010
MinimumVisualStudioVersion = 10.0.40219.1
Project("{FAE04EC0-301F-11D3-BF4B-00C04F79EFBC}") = "Consumer", "NavigationDrawerLayout\Consumer.csproj", "{8427EFBF-094D-4D5F-B3DB-44838B7E28CD}"
EndProject
Global
	GlobalSection(SolutionConfigurationPlatforms) = preSolution
		Debug|Any CPU = Debug|Any CPU
		Debug|x86 = Debug|x86
		Release|Any CPU = Release|Any CPU
		Release|x86 = Release|x86
	EndGlobalSection
	GlobalSection(ProjectConfigurationPlatforms) = postSolution
		{8427EFBF-094D-4D5F-B3DB-44838B7E28CD}.Debug|Any CPU.ActiveCfg = Debug|Any CPU
		{8427EFBF-094D-4D5F-B3DB-44838B7E28CD}.Debug|Any CPU.Build.0 = Debug|Any CPU
		{8427EFBF-094D-4D5F-B3DB-44838B7E28CD}.Debug|Any CPU.Deploy.0 = Debug|Any CPU
		{8427EFBF-094D-4D5F-B3DB-44838B7E28CD}.Debug|x86.ActiveCfg = Debug|x86
		{8427EFBF-094D-4D5F-B3DB-44838B7E28CD}.Debug|x86.Build.0 = Debug|x86
		{8427EFBF-094D-4D5F-B3DB-44838B7E28CD}.Debug|x86.Deploy.0 = Debug|x86
		{8427EFBF-094D-4D5F-B3DB-44838B7E28CD}.Release|Any CPU.ActiveCfg = Release|Any CPU
		{8427EFBF-094D-4D5F-B3DB-44838B7E28CD}.Release|Any CPU.Build.0 = Release|Any CPU
		{8427EFBF-094D-4D5F-B3DB-44838B7E28CD}.Release|Any CPU.Deploy.0 = Release|Any CPU
		{8427EFBF-094D-4D5F-B3DB-44838B7E28CD}.Release|x86.ActiveCfg = Release|x86
		{8427EFBF-094D-4D5F-B3DB-44838B7E28CD}.Release|x86.Build.0 = Release|x86
		{8427EFBF-094D-4D5F-B3DB-44838B7E28CD}.Release|x86.Deploy.0 = Release|x86
	EndGlobalSection
	GlobalSection(SolutionProperties) = preSolution
		HideSolutionNode = FALSE
	EndGlobalSection
	GlobalSection(ExtensibilityGlobals) = postSolution
		SolutionGuid = {159B3EA7-ABF8-4F03-B18A-2101E360CE26}
	EndGlobalSection
EndGlobal
